
Microsoft Visual Studio Solution File, Format Version 12.00
# Visual Studio Version 17
VisualStudioVersion = 17.6.33815.320
MinimumVisualStudioVersion = 10.0.40219.1
Project("{FAE04EC0-301F-11D3-BF4B-00C04F79EFBC}") = "QuanLyLopHoc", "QuanLyLopHoc\QuanLyLopHoc.csproj", "{6BE13CE9-BD59-4357-9FF3-28E3D80DD021}"
EndProject
Global
	GlobalSection(SolutionConfigurationPlatforms) = preSolution
		Debug|Any CPU = Debug|Any CPU
		Release|Any CPU = Release|Any CPU
	EndGlobalSection
	GlobalSection(ProjectConfigurationPlatforms) = postSolution
		{6BE13CE9-BD59-4357-9FF3-28E3D80DD021}.Debug|Any CPU.ActiveCfg = Debug|Any CPU
		{6BE13CE9-BD59-4357-9FF3-28E3D80DD021}.Debug|Any CPU.Build.0 = Debug|Any CPU
		{6BE13CE9-BD59-4357-9FF3-28E3D80DD021}.Release|Any CPU.ActiveCfg = Release|Any CPU
		{6BE13CE9-BD59-4357-9FF3-28E3D80DD021}.Release|Any CPU.Build.0 = Release|Any CPU
	EndGlobalSection
	GlobalSection(SolutionProperties) = preSolution
		HideSolutionNode = FALSE
	EndGlobalSection
	GlobalSection(ExtensibilityGlobals) = postSolution
		SolutionGuid = {56D378E8-C12D-427F-91BB-E46786953D12}
	EndGlobalSection
EndGlobal
